// !$*UTF8*$!
{
	archiveVersion = 1;
	classes = {
	};
	objectVersion = 50;
	objects = {

/* Begin PBXBuildFile section */
		422A56D821F3711E007C1CD9 /* AppDelegate.swift in Sources */ = {isa = PBXBuildFile; fileRef = 422A56D121F3711E007C1CD9 /* AppDelegate.swift */; };
		422A56D921F3711E007C1CD9 /* ViewController.swift in Sources */ = {isa = PBXBuildFile; fileRef = 422A56D321F3711E007C1CD9 /* ViewController.swift */; };
		422A56DA21F3711E007C1CD9 /* LaunchScreen.storyboard in Resources */ = {isa = PBXBuildFile; fileRef = 422A56D521F3711E007C1CD9 /* LaunchScreen.storyboard */; };
		422A56DB21F3711E007C1CD9 /* Assets.xcassets in Resources */ = {isa = PBXBuildFile; fileRef = 422A56D621F3711E007C1CD9 /* Assets.xcassets */; };
		422A56DE21F37347007C1CD9 /* FeatureModule.swift in Sources */ = {isa = PBXBuildFile; fileRef = 422A56DD21F37347007C1CD9 /* FeatureModule.swift */; };
		42485C1D21F3A36300ADE481 /* Main.storyboard in Resources */ = {isa = PBXBuildFile; fileRef = 42485C1C21F3A36300ADE481 /* Main.storyboard */; };
		42A2E8CC21F3B899008F611B /* Module.swift in Sources */ = {isa = PBXBuildFile; fileRef = 42A2E8CB21F3B899008F611B /* Module.swift */; };
		4334646662798BFDE364FA01 /* Pods_FeatureModule.framework in Frameworks */ = {isa = PBXBuildFile; fileRef = D519987684EF44BF4436579B /* Pods_FeatureModule.framework */; };
/* End PBXBuildFile section */

/* Begin PBXFileReference section */
		025536C2505F7D35BD7B0D56 /* Pods-FeatureModule.release.xcconfig */ = {isa = PBXFileReference; includeInIndex = 1; lastKnownFileType = text.xcconfig; name = "Pods-FeatureModule.release.xcconfig"; path = "Pods/Target Support Files/Pods-FeatureModule/Pods-FeatureModule.release.xcconfig"; sourceTree = "<group>"; };
		422A56BB21F36E87007C1CD9 /* FeatureModule.app */ = {isa = PBXFileReference; explicitFileType = wrapper.application; includeInIndex = 0; path = FeatureModule.app; sourceTree = BUILT_PRODUCTS_DIR; };
		422A56D121F3711E007C1CD9 /* AppDelegate.swift */ = {isa = PBXFileReference; fileEncoding = 4; lastKnownFileType = sourcecode.swift; path = AppDelegate.swift; sourceTree = "<group>"; };
		422A56D321F3711E007C1CD9 /* ViewController.swift */ = {isa = PBXFileReference; fileEncoding = 4; lastKnownFileType = sourcecode.swift; path = ViewController.swift; sourceTree = "<group>"; };
		422A56D521F3711E007C1CD9 /* LaunchScreen.storyboard */ = {isa = PBXFileReference; fileEncoding = 4; lastKnownFileType = file.storyboard; path = LaunchScreen.storyboard; sourceTree = "<group>"; };
		422A56D621F3711E007C1CD9 /* Assets.xcassets */ = {isa = PBXFileReference; lastKnownFileType = folder.assetcatalog; path = Assets.xcassets; sourceTree = "<group>"; };
		422A56DD21F37347007C1CD9 /* FeatureModule.swift */ = {isa = PBXFileReference; lastKnownFileType = sourcecode.swift; path = FeatureModule.swift; sourceTree = "<group>"; };
		42485C1C21F3A36300ADE481 /* Main.storyboard */ = {isa = PBXFileReference; fileEncoding = 4; lastKnownFileType = file.storyboard; path = Main.storyboard; sourceTree = "<group>"; };
		42A2E8CB21F3B899008F611B /* Module.swift */ = {isa = PBXFileReference; lastKnownFileType = sourcecode.swift; path = Module.swift; sourceTree = "<group>"; };
		D519987684EF44BF4436579B /* Pods_FeatureModule.framework */ = {isa = PBXFileReference; explicitFileType = wrapper.framework; includeInIndex = 0; path = Pods_FeatureModule.framework; sourceTree = BUILT_PRODUCTS_DIR; };
		D5573A5946FE9ABA3CD25448 /* Pods-FeatureModule.debug.xcconfig */ = {isa = PBXFileReference; includeInIndex = 1; lastKnownFileType = text.xcconfig; name = "Pods-FeatureModule.debug.xcconfig"; path = "Pods/Target Support Files/Pods-FeatureModule/Pods-FeatureModule.debug.xcconfig"; sourceTree = "<group>"; };
/* End PBXFileReference section */

/* Begin PBXFrameworksBuildPhase section */
		422A56B821F36E87007C1CD9 /* Frameworks */ = {
			isa = PBXFrameworksBuildPhase;
			buildActionMask = 2147483647;
			files = (
				4334646662798BFDE364FA01 /* Pods_FeatureModule.framework in Frameworks */,
			);
			runOnlyForDeploymentPostprocessing = 0;
		};
/* End PBXFrameworksBuildPhase section */

/* Begin PBXGroup section */
		422A56B221F36E87007C1CD9 = {
			isa = PBXGroup;
			children = (
				422A56D121F3711E007C1CD9 /* AppDelegate.swift */,
				422A56D221F3711E007C1CD9 /* Source */,
				422A56D421F3711E007C1CD9 /* Assets */,
				422A56BC21F36E87007C1CD9 /* Products */,
				D558751C3EB433AF47FF98F2 /* Pods */,
				6B64FF069F5BFDC5D9F4E4BE /* Frameworks */,
			);
			sourceTree = "<group>";
		};
		422A56BC21F36E87007C1CD9 /* Products */ = {
			isa = PBXGroup;
			children = (
				422A56BB21F36E87007C1CD9 /* FeatureModule.app */,
			);
			name = Products;
			sourceTree = "<group>";
		};
		422A56D221F3711E007C1CD9 /* Source */ = {
			isa = PBXGroup;
			children = (
				42A2E8CB21F3B899008F611B /* Module.swift */,
				422A56DD21F37347007C1CD9 /* FeatureModule.swift */,
				422A56D321F3711E007C1CD9 /* ViewController.swift */,
			);
			path = Source;
			sourceTree = "<group>";
		};
		422A56D421F3711E007C1CD9 /* Assets */ = {
			isa = PBXGroup;
			children = (
				422A56D521F3711E007C1CD9 /* LaunchScreen.storyboard */,
				42485C1C21F3A36300ADE481 /* Main.storyboard */,
				422A56D621F3711E007C1CD9 /* Assets.xcassets */,
			);
			path = Assets;
			sourceTree = "<group>";
		};
		6B64FF069F5BFDC5D9F4E4BE /* Frameworks */ = {
			isa = PBXGroup;
			children = (
				D519987684EF44BF4436579B /* Pods_FeatureModule.framework */,
			);
			name = Frameworks;
			sourceTree = "<group>";
		};
		D558751C3EB433AF47FF98F2 /* Pods */ = {
			isa = PBXGroup;
			children = (
				D5573A5946FE9ABA3CD25448 /* Pods-FeatureModule.debug.xcconfig */,
				025536C2505F7D35BD7B0D56 /* Pods-FeatureModule.release.xcconfig */,
			);
			name = Pods;
			sourceTree = "<group>";
		};
/* End PBXGroup section */

/* Begin PBXNativeTarget section */
		422A56BA21F36E87007C1CD9 /* FeatureModule */ = {
			isa = PBXNativeTarget;
			buildConfigurationList = 422A56CD21F36E88007C1CD9 /* Build configuration list for PBXNativeTarget "FeatureModule" */;
			buildPhases = (
				E647AEFFCF1CC5D8529DC16E /* [CP] Check Pods Manifest.lock */,
				422A56B721F36E87007C1CD9 /* Sources */,
				422A56B821F36E87007C1CD9 /* Frameworks */,
				422A56B921F36E87007C1CD9 /* Resources */,
				B9AC7F9C0C9DF2BCB2DA6908 /* [CP] Embed Pods Frameworks */,
			);
			buildRules = (
			);
			dependencies = (
			);
			name = FeatureModule;
			productName = FeatureModule;
			productReference = 422A56BB21F36E87007C1CD9 /* FeatureModule.app */;
			productType = "com.apple.product-type.application";
		};
/* End PBXNativeTarget section */

/* Begin PBXProject section */
		422A56B321F36E87007C1CD9 /* Project object */ = {
			isa = PBXProject;
			attributes = {
				LastSwiftUpdateCheck = 1010;
				LastUpgradeCheck = 1010;
				ORGANIZATIONNAME = MobileSorcery;
				TargetAttributes = {
					422A56BA21F36E87007C1CD9 = {
						CreatedOnToolsVersion = 10.1;
						LastSwiftMigration = 1010;
					};
				};
			};
			buildConfigurationList = 422A56B621F36E87007C1CD9 /* Build configuration list for PBXProject "FeatureModule" */;
			compatibilityVersion = "Xcode 9.3";
			developmentRegion = en;
			hasScannedForEncodings = 0;
			knownRegions = (
				en,
				Base,
			);
			mainGroup = 422A56B221F36E87007C1CD9;
			productRefGroup = 422A56BC21F36E87007C1CD9 /* Products */;
			projectDirPath = "";
			projectRoot = "";
			targets = (
				422A56BA21F36E87007C1CD9 /* FeatureModule */,
			);
		};
/* End PBXProject section */

/* Begin PBXResourcesBuildPhase section */
		422A56B921F36E87007C1CD9 /* Resources */ = {
			isa = PBXResourcesBuildPhase;
			buildActionMask = 2147483647;
			files = (
				42485C1D21F3A36300ADE481 /* Main.storyboard in Resources */,
				422A56DB21F3711E007C1CD9 /* Assets.xcassets in Resources */,
				422A56DA21F3711E007C1CD9 /* LaunchScreen.storyboard in Resources */,
			);
			runOnlyForDeploymentPostprocessing = 0;
		};
/* End PBXResourcesBuildPhase section */

/* Begin PBXShellScriptBuildPhase section */
		B9AC7F9C0C9DF2BCB2DA6908 /* [CP] Embed Pods Frameworks */ = {
			isa = PBXShellScriptBuildPhase;
			buildActionMask = 2147483647;
			files = (
			);
			inputFileListPaths = (
			);
			inputPaths = (
				"${SRCROOT}/Pods/Target Support Files/Pods-FeatureModule/Pods-FeatureModule-frameworks.sh",
				"${BUILT_PRODUCTS_DIR}/NetworkModule/NetworkModule.framework",
				"${BUILT_PRODUCTS_DIR}/UIModule/UIModule.framework",
			);
			name = "[CP] Embed Pods Frameworks";
			outputFileListPaths = (
			);
			outputPaths = (
				"${TARGET_BUILD_DIR}/${FRAMEWORKS_FOLDER_PATH}/NetworkModule.framework",
				"${TARGET_BUILD_DIR}/${FRAMEWORKS_FOLDER_PATH}/UIModule.framework",
			);
			runOnlyForDeploymentPostprocessing = 0;
			shellPath = /bin/sh;
			shellScript = "\"${SRCROOT}/Pods/Target Support Files/Pods-FeatureModule/Pods-FeatureModule-frameworks.sh\"\n";
			showEnvVarsInLog = 0;
		};
		E647AEFFCF1CC5D8529DC16E /* [CP] Check Pods Manifest.lock */ = {
			isa = PBXShellScriptBuildPhase;
			buildActionMask = 2147483647;
			files = (
			);
			inputFileListPaths = (
			);
			inputPaths = (
				"${PODS_PODFILE_DIR_PATH}/Podfile.lock",
				"${PODS_ROOT}/Manifest.lock",
			);
			name = "[CP] Check Pods Manifest.lock";
			outputFileListPaths = (
			);
			outputPaths = (
				"$(DERIVED_FILE_DIR)/Pods-FeatureModule-checkManifestLockResult.txt",
			);
			runOnlyForDeploymentPostprocessing = 0;
			shellPath = /bin/sh;
			shellScript = "diff \"${PODS_PODFILE_DIR_PATH}/Podfile.lock\" \"${PODS_ROOT}/Manifest.lock\" > /dev/null\nif [ $? != 0 ] ; then\n    # print error to STDERR\n    echo \"error: The sandbox is not in sync with the Podfile.lock. Run 'pod install' or update your CocoaPods installation.\" >&2\n    exit 1\nfi\n# This output is used by Xcode 'outputs' to avoid re-running this script phase.\necho \"SUCCESS\" > \"${SCRIPT_OUTPUT_FILE_0}\"\n";
			showEnvVarsInLog = 0;
		};
/* End PBXShellScriptBuildPhase section */

/* Begin PBXSourcesBuildPhase section */
		422A56B721F36E87007C1CD9 /* Sources */ = {
			isa = PBXSourcesBuildPhase;
			buildActionMask = 2147483647;
			files = (
				422A56D921F3711E007C1CD9 /* ViewController.swift in Sources */,
				42A2E8CC21F3B899008F611B /* Module.swift in Sources */,
				422A56D821F3711E007C1CD9 /* AppDelegate.swift in Sources */,
				422A56DE21F37347007C1CD9 /* FeatureModule.swift in Sources */,
			);
			runOnlyForDeploymentPostprocessing = 0;
		};
/* End PBXSourcesBuildPhase section */

/* Begin XCBuildConfiguration section */
		422A56CB21F36E88007C1CD9 /* Debug */ = {
			isa = XCBuildConfiguration;
			buildSettings = {
				ALWAYS_SEARCH_USER_PATHS = NO;
				CLANG_ANALYZER_NONNULL = YES;
				CLANG_ANALYZER_NUMBER_OBJECT_CONVERSION = YES_AGGRESSIVE;
				CLANG_CXX_LANGUAGE_STANDARD = "gnu++14";
				CLANG_CXX_LIBRARY = "libc++";
				CLANG_ENABLE_MODULES = YES;
				CLANG_ENABLE_OBJC_ARC = YES;
				CLANG_ENABLE_OBJC_WEAK = YES;
				CLANG_WARN_BLOCK_CAPTURE_AUTORELEASING = YES;
				CLANG_WARN_BOOL_CONVERSION = YES;
				CLANG_WARN_COMMA = YES;
				CLANG_WARN_CONSTANT_CONVERSION = YES;
				CLANG_WARN_DEPRECATED_OBJC_IMPLEMENTATIONS = YES;
				CLANG_WARN_DIRECT_OBJC_ISA_USAGE = YES_ERROR;
				CLANG_WARN_DOCUMENTATION_COMMENTS = YES;
				CLANG_WARN_EMPTY_BODY = YES;
				CLANG_WARN_ENUM_CONVERSION = YES;
				CLANG_WARN_INFINITE_RECURSION = YES;
				CLANG_WARN_INT_CONVERSION = YES;
				CLANG_WARN_NON_LITERAL_NULL_CONVERSION = YES;
				CLANG_WARN_OBJC_IMPLICIT_RETAIN_SELF = YES;
				CLANG_WARN_OBJC_LITERAL_CONVERSION = YES;
				CLANG_WARN_OBJC_ROOT_CLASS = YES_ERROR;
				CLANG_WARN_RANGE_LOOP_ANALYSIS = YES;
				CLANG_WARN_STRICT_PROTOTYPES = YES;
				CLANG_WARN_SUSPICIOUS_MOVE = YES;
				CLANG_WARN_UNGUARDED_AVAILABILITY = YES_AGGRESSIVE;
				CLANG_WARN_UNREACHABLE_CODE = YES;
				CLANG_WARN__DUPLICATE_METHOD_MATCH = YES;
				CODE_SIGN_IDENTITY = "iPhone Developer";
				COPY_PHASE_STRIP = NO;
				DEBUG_INFORMATION_FORMAT = dwarf;
				ENABLE_STRICT_OBJC_MSGSEND = YES;
				ENABLE_TESTABILITY = YES;
				GCC_C_LANGUAGE_STANDARD = gnu11;
				GCC_DYNAMIC_NO_PIC = NO;
				GCC_NO_COMMON_BLOCKS = YES;
				GCC_OPTIMIZATION_LEVEL = 0;
				GCC_PREPROCESSOR_DEFINITIONS = (
					"DEBUG=1",
					"$(inherited)",
				);
				GCC_WARN_64_TO_32_BIT_CONVERSION = YES;
				GCC_WARN_ABOUT_RETURN_TYPE = YES_ERROR;
				GCC_WARN_UNDECLARED_SELECTOR = YES;
				GCC_WARN_UNINITIALIZED_AUTOS = YES_AGGRESSIVE;
				GCC_WARN_UNUSED_FUNCTION = YES;
				GCC_WARN_UNUSED_VARIABLE = YES;
				IPHONEOS_DEPLOYMENT_TARGET = 12.1;
				MTL_ENABLE_DEBUG_INFO = INCLUDE_SOURCE;
				MTL_FAST_MATH = YES;
				ONLY_ACTIVE_ARCH = YES;
				SDKROOT = iphoneos;
				SWIFT_ACTIVE_COMPILATION_CONDITIONS = DEBUG;
				SWIFT_OPTIMIZATION_LEVEL = "-Onone";
			};
			name = Debug;
		};
		422A56CC21F36E88007C1CD9 /* Release */ = {
			isa = XCBuildConfiguration;
			buildSettings = {
				ALWAYS_SEARCH_USER_PATHS = NO;
				CLANG_ANALYZER_NONNULL = YES;
				CLANG_ANALYZER_NUMBER_OBJECT_CONVERSION = YES_AGGRESSIVE;
				CLANG_CXX_LANGUAGE_STANDARD = "gnu++14";
				CLANG_CXX_LIBRARY = "libc++";
				CLANG_ENABLE_MODULES = YES;
				CLANG_ENABLE_OBJC_ARC = YES;
				CLANG_ENABLE_OBJC_WEAK = YES;
				CLANG_WARN_BLOCK_CAPTURE_AUTORELEASING = YES;
				CLANG_WARN_BOOL_CONVERSION = YES;
				CLANG_WARN_COMMA = YES;
				CLANG_WARN_CONSTANT_CONVERSION = YES;
				CLANG_WARN_DEPRECATED_OBJC_IMPLEMENTATIONS = YES;
				CLANG_WARN_DIRECT_OBJC_ISA_USAGE = YES_ERROR;
				CLANG_WARN_DOCUMENTATION_COMMENTS = YES;
				CLANG_WARN_EMPTY_BODY = YES;
				CLANG_WARN_ENUM_CONVERSION = YES;
				CLANG_WARN_INFINITE_RECURSION = YES;
				CLANG_WARN_INT_CONVERSION = YES;
				CLANG_WARN_NON_LITERAL_NULL_CONVERSION = YES;
				CLANG_WARN_OBJC_IMPLICIT_RETAIN_SELF = YES;
				CLANG_WARN_OBJC_LITERAL_CONVERSION = YES;
				CLANG_WARN_OBJC_ROOT_CLASS = YES_ERROR;
				CLANG_WARN_RANGE_LOOP_ANALYSIS = YES;
				CLANG_WARN_STRICT_PROTOTYPES = YES;
				CLANG_WARN_SUSPICIOUS_MOVE = YES;
				CLANG_WARN_UNGUARDED_AVAILABILITY = YES_AGGRESSIVE;
				CLANG_WARN_UNREACHABLE_CODE = YES;
				CLANG_WARN__DUPLICATE_METHOD_MATCH = YES;
				CODE_SIGN_IDENTITY = "iPhone Developer";
				COPY_PHASE_STRIP = NO;
				DEBUG_INFORMATION_FORMAT = "dwarf-with-dsym";
				ENABLE_NS_ASSERTIONS = NO;
				ENABLE_STRICT_OBJC_MSGSEND = YES;
				GCC_C_LANGUAGE_STANDARD = gnu11;
				GCC_NO_COMMON_BLOCKS = YES;
				GCC_WARN_64_TO_32_BIT_CONVERSION = YES;
				GCC_WARN_ABOUT_RETURN_TYPE = YES_ERROR;
				GCC_WARN_UNDECLARED_SELECTOR = YES;
				GCC_WARN_UNINITIALIZED_AUTOS = YES_AGGRESSIVE;
				GCC_WARN_UNUSED_FUNCTION = YES;
				GCC_WARN_UNUSED_VARIABLE = YES;
				IPHONEOS_DEPLOYMENT_TARGET = 12.1;
				MTL_ENABLE_DEBUG_INFO = NO;
				MTL_FAST_MATH = YES;
				SDKROOT = iphoneos;
				SWIFT_COMPILATION_MODE = wholemodule;
				SWIFT_OPTIMIZATION_LEVEL = "-O";
				VALIDATE_PRODUCT = YES;
			};
			name = Release;
		};
		422A56CE21F36E88007C1CD9 /* Debug */ = {
			isa = XCBuildConfiguration;
			baseConfigurationReference = D5573A5946FE9ABA3CD25448 /* Pods-FeatureModule.debug.xcconfig */;
			buildSettings = {
				ASSETCATALOG_COMPILER_APPICON_NAME = AppIcon;
				CLANG_ENABLE_MODULES = YES;
				CODE_SIGN_STYLE = Automatic;
				INFOPLIST_FILE = Info.plist;
				LD_RUNPATH_SEARCH_PATHS = (
					"$(inherited)",
					"@executable_path/Frameworks",
				);
				PRODUCT_BUNDLE_IDENTIFIER = com.ruudputs.FeatureModule;
				PRODUCT_NAME = "$(TARGET_NAME)";
				SWIFT_OPTIMIZATION_LEVEL = "-Onone";
				SWIFT_VERSION = 4.2;
				TARGETED_DEVICE_FAMILY = "1,2";
			};
			name = Debug;
		};
		422A56CF21F36E88007C1CD9 /* Release */ = {
			isa = XCBuildConfiguration;
			baseConfigurationReference = 025536C2505F7D35BD7B0D56 /* Pods-FeatureModule.release.xcconfig */;
			buildSettings = {
				ASSETCATALOG_COMPILER_APPICON_NAME = AppIcon;
				CLANG_ENABLE_MODULES = YES;
				CODE_SIGN_STYLE = Automatic;
				INFOPLIST_FILE = Info.plist;
				LD_RUNPATH_SEARCH_PATHS = (
					"$(inherited)",
					"@executable_path/Frameworks",
				);
				PRODUCT_BUNDLE_IDENTIFIER = com.ruudputs.FeatureModule;
				PRODUCT_NAME = "$(TARGET_NAME)";
				SWIFT_VERSION = 4.2;
				TARGETED_DEVICE_FAMILY = "1,2";
			};
			name = Release;
		};
/* End XCBuildConfiguration section */

/* Begin XCConfigurationList section */
		422A56B621F36E87007C1CD9 /* Build configuration list for PBXProject "FeatureModule" */ = {
			isa = XCConfigurationList;
			buildConfigurations = (
				422A56CB21F36E88007C1CD9 /* Debug */,
				422A56CC21F36E88007C1CD9 /* Release */,
			);
			defaultConfigurationIsVisible = 0;
			defaultConfigurationName = Release;
		};
		422A56CD21F36E88007C1CD9 /* Build configuration list for PBXNativeTarget "FeatureModule" */ = {
			isa = XCConfigurationList;
			buildConfigurations = (
				422A56CE21F36E88007C1CD9 /* Debug */,
				422A56CF21F36E88007C1CD9 /* Release */,
			);
			defaultConfigurationIsVisible = 0;
			defaultConfigurationName = Release;
		};
/* End XCConfigurationList section */
	};
	rootObject = 422A56B321F36E87007C1CD9 /* Project object */;
}
